
Microsoft Visual Studio Solution File, Format Version 12.00
# Visual Studio Version 16
VisualStudioVersion = 16.0.31105.61
MinimumVisualStudioVersion = 10.0.40219.1
Project("{FAE04EC0-301F-11D3-BF4B-00C04F79EFBC}") = "SmallBankApplication.Server", "SmallBankApplication\Server\SmallBankApplication.Server.csproj", "{CCDF5969-AD2B-46F3-A900-6CC7632295F4}"
EndProject
Project("{FAE04EC0-301F-11D3-BF4B-00C04F79EFBC}") = "SmallBankApplication.Client", "SmallBankApplication\Client\SmallBankApplication.Client.csproj", "{515AA6FF-329E-4E9B-ABBC-C8916DB72972}"
EndProject
Project("{FAE04EC0-301F-11D3-BF4B-00C04F79EFBC}") = "SmallBankApplication.Shared", "SmallBankApplication\Shared\SmallBankApplication.Shared.csproj", "{64F3A486-143D-47E1-90DE-D5719ACF1CB5}"
EndProject
Global
	GlobalSection(SolutionConfigurationPlatforms) = preSolution
		Debug|Any CPU = Debug|Any CPU
		Release|Any CPU = Release|Any CPU
	EndGlobalSection
	GlobalSection(ProjectConfigurationPlatforms) = postSolution
		{CCDF5969-AD2B-46F3-A900-6CC7632295F4}.Debug|Any CPU.ActiveCfg = Debug|Any CPU
		{CCDF5969-AD2B-46F3-A900-6CC7632295F4}.Debug|Any CPU.Build.0 = Debug|Any CPU
		{CCDF5969-AD2B-46F3-A900-6CC7632295F4}.Release|Any CPU.ActiveCfg = Release|Any CPU
		{CCDF5969-AD2B-46F3-A900-6CC7632295F4}.Release|Any CPU.Build.0 = Release|Any CPU
		{515AA6FF-329E-4E9B-ABBC-C8916DB72972}.Debug|Any CPU.ActiveCfg = Debug|Any CPU
		{515AA6FF-329E-4E9B-ABBC-C8916DB72972}.Debug|Any CPU.Build.0 = Debug|Any CPU
		{515AA6FF-329E-4E9B-ABBC-C8916DB72972}.Release|Any CPU.ActiveCfg = Release|Any CPU
		{515AA6FF-329E-4E9B-ABBC-C8916DB72972}.Release|Any CPU.Build.0 = Release|Any CPU
		{64F3A486-143D-47E1-90DE-D5719ACF1CB5}.Debug|Any CPU.ActiveCfg = Debug|Any CPU
		{64F3A486-143D-47E1-90DE-D5719ACF1CB5}.Debug|Any CPU.Build.0 = Debug|Any CPU
		{64F3A486-143D-47E1-90DE-D5719ACF1CB5}.Release|Any CPU.ActiveCfg = Release|Any CPU
		{64F3A486-143D-47E1-90DE-D5719ACF1CB5}.Release|Any CPU.Build.0 = Release|Any CPU
	EndGlobalSection
	GlobalSection(SolutionProperties) = preSolution
		HideSolutionNode = FALSE
	EndGlobalSection
	GlobalSection(ExtensibilityGlobals) = postSolution
		SolutionGuid = {0C8A9D8C-3BD7-4575-AF13-9EABF525A9CE}
	EndGlobalSection
EndGlobal
